
Microsoft Visual Studio Solution File, Format Version 12.00
# Visual Studio Version 16
VisualStudioVersion = 16.0.28803.352
MinimumVisualStudioVersion = 15.0.26124.0
Project("{9A19103F-16F7-4668-BE54-9A1E7A4F7556}") = "EAGClient", "src\EagClient\EAGClient.csproj", "{8FC85D5C-BB3B-409A-9490-A7CC670DD311}"
EndProject
Project("{9A19103F-16F7-4668-BE54-9A1E7A4F7556}") = "ProLog3Server", "src\ProLog3Server\ProLog3Server.csproj", "{37E3EC4F-86A2-4155-A61E-48537F826259}"
EndProject
Project("{2150E333-8FDC-42A3-9474-1A3956D46DE8}") = "Solution Items", "Solution Items", "{247927CF-660E-4802-AF23-B71EC1139553}"
	ProjectSection(SolutionItems) = preProject
		.editorconfig = .editorconfig
		global.json = global.json
		nuget.config = nuget.config
		README.md = README.md
	EndProjectSection
EndProject
Project("{9A19103F-16F7-4668-BE54-9A1E7A4F7556}") = "EAGTry", "src\EAGTry\EAGTry.csproj", "{DCE83604-2995-4AA9-A75F-B57747EDA338}"
EndProject
Global
	GlobalSection(SolutionConfigurationPlatforms) = preSolution
		Debug|Any CPU = Debug|Any CPU
		Debug|x64 = Debug|x64
		Debug|x86 = Debug|x86
		Release|Any CPU = Release|Any CPU
		Release|x64 = Release|x64
		Release|x86 = Release|x86
	EndGlobalSection
	GlobalSection(ProjectConfigurationPlatforms) = postSolution
		{8FC85D5C-BB3B-409A-9490-A7CC670DD311}.Debug|Any CPU.ActiveCfg = Debug|Any CPU
		{8FC85D5C-BB3B-409A-9490-A7CC670DD311}.Debug|Any CPU.Build.0 = Debug|Any CPU
		{8FC85D5C-BB3B-409A-9490-A7CC670DD311}.Debug|x64.ActiveCfg = Debug|Any CPU
		{8FC85D5C-BB3B-409A-9490-A7CC670DD311}.Debug|x64.Build.0 = Debug|Any CPU
		{8FC85D5C-BB3B-409A-9490-A7CC670DD311}.Debug|x86.ActiveCfg = Debug|Any CPU
		{8FC85D5C-BB3B-409A-9490-A7CC670DD311}.Debug|x86.Build.0 = Debug|Any CPU
		{8FC85D5C-BB3B-409A-9490-A7CC670DD311}.Release|Any CPU.ActiveCfg = Release|Any CPU
		{8FC85D5C-BB3B-409A-9490-A7CC670DD311}.Release|Any CPU.Build.0 = Release|Any CPU
		{8FC85D5C-BB3B-409A-9490-A7CC670DD311}.Release|x64.ActiveCfg = Release|Any CPU
		{8FC85D5C-BB3B-409A-9490-A7CC670DD311}.Release|x64.Build.0 = Release|Any CPU
		{8FC85D5C-BB3B-409A-9490-A7CC670DD311}.Release|x86.ActiveCfg = Release|Any CPU
		{8FC85D5C-BB3B-409A-9490-A7CC670DD311}.Release|x86.Build.0 = Release|Any CPU
		{37E3EC4F-86A2-4155-A61E-48537F826259}.Debug|Any CPU.ActiveCfg = Debug|Any CPU
		{37E3EC4F-86A2-4155-A61E-48537F826259}.Debug|Any CPU.Build.0 = Debug|Any CPU
		{37E3EC4F-86A2-4155-A61E-48537F826259}.Debug|x64.ActiveCfg = Debug|Any CPU
		{37E3EC4F-86A2-4155-A61E-48537F826259}.Debug|x64.Build.0 = Debug|Any CPU
		{37E3EC4F-86A2-4155-A61E-48537F826259}.Debug|x86.ActiveCfg = Debug|Any CPU
		{37E3EC4F-86A2-4155-A61E-48537F826259}.Debug|x86.Build.0 = Debug|Any CPU
		{37E3EC4F-86A2-4155-A61E-48537F826259}.Release|Any CPU.ActiveCfg = Release|Any CPU
		{37E3EC4F-86A2-4155-A61E-48537F826259}.Release|Any CPU.Build.0 = Release|Any CPU
		{37E3EC4F-86A2-4155-A61E-48537F826259}.Release|x64.ActiveCfg = Release|Any CPU
		{37E3EC4F-86A2-4155-A61E-48537F826259}.Release|x64.Build.0 = Release|Any CPU
		{37E3EC4F-86A2-4155-A61E-48537F826259}.Release|x86.ActiveCfg = Release|Any CPU
		{37E3EC4F-86A2-4155-A61E-48537F826259}.Release|x86.Build.0 = Release|Any CPU
		{DCE83604-2995-4AA9-A75F-B57747EDA338}.Debug|Any CPU.ActiveCfg = Debug|Any CPU
		{DCE83604-2995-4AA9-A75F-B57747EDA338}.Debug|Any CPU.Build.0 = Debug|Any CPU
		{DCE83604-2995-4AA9-A75F-B57747EDA338}.Debug|x64.ActiveCfg = Debug|Any CPU
		{DCE83604-2995-4AA9-A75F-B57747EDA338}.Debug|x64.Build.0 = Debug|Any CPU
		{DCE83604-2995-4AA9-A75F-B57747EDA338}.Debug|x86.ActiveCfg = Debug|Any CPU
		{DCE83604-2995-4AA9-A75F-B57747EDA338}.Debug|x86.Build.0 = Debug|Any CPU
		{DCE83604-2995-4AA9-A75F-B57747EDA338}.Release|Any CPU.ActiveCfg = Release|Any CPU
		{DCE83604-2995-4AA9-A75F-B57747EDA338}.Release|Any CPU.Build.0 = Release|Any CPU
		{DCE83604-2995-4AA9-A75F-B57747EDA338}.Release|x64.ActiveCfg = Release|Any CPU
		{DCE83604-2995-4AA9-A75F-B57747EDA338}.Release|x64.Build.0 = Release|Any CPU
		{DCE83604-2995-4AA9-A75F-B57747EDA338}.Release|x86.ActiveCfg = Release|Any CPU
		{DCE83604-2995-4AA9-A75F-B57747EDA338}.Release|x86.Build.0 = Release|Any CPU
	EndGlobalSection
	GlobalSection(SolutionProperties) = preSolution
		HideSolutionNode = FALSE
	EndGlobalSection
	GlobalSection(ExtensibilityGlobals) = postSolution
		SolutionGuid = {1F94AAB5-4446-4E62-9D00-EA6C937017BF}
	EndGlobalSection
EndGlobal
